
Microsoft Visual Studio Solution File, Format Version 12.00
# Visual Studio 15
VisualStudioVersion = 15.0.28307.572
MinimumVisualStudioVersion = 10.0.40219.1
Project("{FAE04EC0-301F-11D3-BF4B-00C04F79EFBC}") = "BookFinderDemo", "BookFinderDemo\BookFinderDemo.csproj", "{2A8862D9-DA8F-4C1F-B299-5C4678C0B0B6}"
EndProject
Global
	GlobalSection(SolutionConfigurationPlatforms) = preSolution
		Debug|Any CPU = Debug|Any CPU
		Debug|ARM = Debug|ARM
		Debug|ARM64 = Debug|ARM64
		Debug|x64 = Debug|x64
		Debug|x86 = Debug|x86
		Release|Any CPU = Release|Any CPU
		Release|ARM = Release|ARM
		Release|ARM64 = Release|ARM64
		Release|x64 = Release|x64
		Release|x86 = Release|x86
	EndGlobalSection
	GlobalSection(ProjectConfigurationPlatforms) = postSolution
		{2A8862D9-DA8F-4C1F-B299-5C4678C0B0B6}.Debug|Any CPU.ActiveCfg = Debug|x86
		{2A8862D9-DA8F-4C1F-B299-5C4678C0B0B6}.Debug|ARM.ActiveCfg = Debug|ARM
		{2A8862D9-DA8F-4C1F-B299-5C4678C0B0B6}.Debug|ARM.Build.0 = Debug|ARM
		{2A8862D9-DA8F-4C1F-B299-5C4678C0B0B6}.Debug|ARM.Deploy.0 = Debug|ARM
		{2A8862D9-DA8F-4C1F-B299-5C4678C0B0B6}.Debug|ARM64.ActiveCfg = Debug|ARM64
		{2A8862D9-DA8F-4C1F-B299-5C4678C0B0B6}.Debug|ARM64.Build.0 = Debug|ARM64
		{2A8862D9-DA8F-4C1F-B299-5C4678C0B0B6}.Debug|ARM64.Deploy.0 = Debug|ARM64
		{2A8862D9-DA8F-4C1F-B299-5C4678C0B0B6}.Debug|x64.ActiveCfg = Debug|x64
		{2A8862D9-DA8F-4C1F-B299-5C4678C0B0B6}.Debug|x64.Build.0 = Debug|x64
		{2A8862D9-DA8F-4C1F-B299-5C4678C0B0B6}.Debug|x64.Deploy.0 = Debug|x64
		{2A8862D9-DA8F-4C1F-B299-5C4678C0B0B6}.Debug|x86.ActiveCfg = Debug|x86
		{2A8862D9-DA8F-4C1F-B299-5C4678C0B0B6}.Debug|x86.Build.0 = Debug|x86
		{2A8862D9-DA8F-4C1F-B299-5C4678C0B0B6}.Debug|x86.Deploy.0 = Debug|x86
		{2A8862D9-DA8F-4C1F-B299-5C4678C0B0B6}.Release|Any CPU.ActiveCfg = Release|x86
		{2A8862D9-DA8F-4C1F-B299-5C4678C0B0B6}.Release|ARM.ActiveCfg = Release|ARM
		{2A8862D9-DA8F-4C1F-B299-5C4678C0B0B6}.Release|ARM.Build.0 = Release|ARM
		{2A8862D9-DA8F-4C1F-B299-5C4678C0B0B6}.Release|ARM.Deploy.0 = Release|ARM
		{2A8862D9-DA8F-4C1F-B299-5C4678C0B0B6}.Release|ARM64.ActiveCfg = Release|ARM64
		{2A8862D9-DA8F-4C1F-B299-5C4678C0B0B6}.Release|ARM64.Build.0 = Release|ARM64
		{2A8862D9-DA8F-4C1F-B299-5C4678C0B0B6}.Release|ARM64.Deploy.0 = Release|ARM64
		{2A8862D9-DA8F-4C1F-B299-5C4678C0B0B6}.Release|x64.ActiveCfg = Release|x64
		{2A8862D9-DA8F-4C1F-B299-5C4678C0B0B6}.Release|x64.Build.0 = Release|x64
		{2A8862D9-DA8F-4C1F-B299-5C4678C0B0B6}.Release|x64.Deploy.0 = Release|x64
		{2A8862D9-DA8F-4C1F-B299-5C4678C0B0B6}.Release|x86.ActiveCfg = Release|x86
		{2A8862D9-DA8F-4C1F-B299-5C4678C0B0B6}.Release|x86.Build.0 = Release|x86
		{2A8862D9-DA8F-4C1F-B299-5C4678C0B0B6}.Release|x86.Deploy.0 = Release|x86
	EndGlobalSection
	GlobalSection(SolutionProperties) = preSolution
		HideSolutionNode = FALSE
	EndGlobalSection
	GlobalSection(ExtensibilityGlobals) = postSolution
		SolutionGuid = {7E06595D-5CE1-4DDD-A20F-F1C9BDBCA916}
	EndGlobalSection
EndGlobal
